// !$*UTF8*$!
{
	archiveVersion = 1;
	classes = {
	};
	objectVersion = 50;
	objects = {

/* Begin PBXBuildFile section */
		0AEAFCC92503C7AD008EF261 /* AppDelegate.swift in Sources */ = {isa = PBXBuildFile; fileRef = 0AEAFCC82503C7AD008EF261 /* AppDelegate.swift */; };
		0AEAFCCD2503C7AD008EF261 /* ViewController1.swift in Sources */ = {isa = PBXBuildFile; fileRef = 0AEAFCCC2503C7AD008EF261 /* ViewController1.swift */; };
		0AEAFCD02503C7AD008EF261 /* Main.storyboard in Resources */ = {isa = PBXBuildFile; fileRef = 0AEAFCCE2503C7AD008EF261 /* Main.storyboard */; };
		0AEAFCD32503C7AD008EF261 /* Trivia_App.xcdatamodeld in Sources */ = {isa = PBXBuildFile; fileRef = 0AEAFCD12503C7AD008EF261 /* Trivia_App.xcdatamodeld */; };
		0AEAFCD52503C7AF008EF261 /* Assets.xcassets in Resources */ = {isa = PBXBuildFile; fileRef = 0AEAFCD42503C7AF008EF261 /* Assets.xcassets */; };
		0AEAFCD82503C7AF008EF261 /* LaunchScreen.storyboard in Resources */ = {isa = PBXBuildFile; fileRef = 0AEAFCD62503C7AF008EF261 /* LaunchScreen.storyboard */; };
		0AEAFCE72503CFF4008EF261 /* CoreData.framework in Frameworks */ = {isa = PBXBuildFile; fileRef = 0AEAFCE62503CFF4008EF261 /* CoreData.framework */; };
		0AEAFCE92503D837008EF261 /* CustomButton.swift in Sources */ = {isa = PBXBuildFile; fileRef = 0AEAFCE82503D837008EF261 /* CustomButton.swift */; };
		0AEAFCEB2503D878008EF261 /* CustomTextField.swift in Sources */ = {isa = PBXBuildFile; fileRef = 0AEAFCEA2503D878008EF261 /* CustomTextField.swift */; };
		0AEAFCED2503DC52008EF261 /* ViewController2.swift in Sources */ = {isa = PBXBuildFile; fileRef = 0AEAFCEC2503DC52008EF261 /* ViewController2.swift */; };
		0AEAFCEF2503E0E3008EF261 /* UIButton.swift in Sources */ = {isa = PBXBuildFile; fileRef = 0AEAFCEE2503E0E3008EF261 /* UIButton.swift */; };
		0AEAFCF12503E288008EF261 /* ConstantString.swift in Sources */ = {isa = PBXBuildFile; fileRef = 0AEAFCF02503E288008EF261 /* ConstantString.swift */; };
		0AEAFCF52504016C008EF261 /* ViewController3.swift in Sources */ = {isa = PBXBuildFile; fileRef = 0AEAFCF42504016C008EF261 /* ViewController3.swift */; };
		0AEAFCF725040D46008EF261 /* ViewController4.swift in Sources */ = {isa = PBXBuildFile; fileRef = 0AEAFCF625040D46008EF261 /* ViewController4.swift */; };
		0AEAFCF925040E24008EF261 /* DatabaseHelper.swift in Sources */ = {isa = PBXBuildFile; fileRef = 0AEAFCF825040E24008EF261 /* DatabaseHelper.swift */; };
		0AEAFCFB25041117008EF261 /* UIViewController.swift in Sources */ = {isa = PBXBuildFile; fileRef = 0AEAFCFA25041117008EF261 /* UIViewController.swift */; };
		0AEAFD0125042691008EF261 /* HistoryVC.swift in Sources */ = {isa = PBXBuildFile; fileRef = 0AEAFD0025042691008EF261 /* HistoryVC.swift */; };
		0AEAFD0425042790008EF261 /* TableViewCell.swift in Sources */ = {isa = PBXBuildFile; fileRef = 0AEAFD0225042790008EF261 /* TableViewCell.swift */; };
		0AEAFD0525042790008EF261 /* TableViewCell.xib in Resources */ = {isa = PBXBuildFile; fileRef = 0AEAFD0325042790008EF261 /* TableViewCell.xib */; };
		0AEAFD0725042A69008EF261 /* UITableView.swift in Sources */ = {isa = PBXBuildFile; fileRef = 0AEAFD0625042A69008EF261 /* UITableView.swift */; };
		0AEAFD0925042AA1008EF261 /* ViewTypeModel.swift in Sources */ = {isa = PBXBuildFile; fileRef = 0AEAFD0825042AA1008EF261 /* ViewTypeModel.swift */; };
		0AEAFD0B25042B54008EF261 /* String.swift in Sources */ = {isa = PBXBuildFile; fileRef = 0AEAFD0A25042B54008EF261 /* String.swift */; };
		3DCB888E1DEF63E4ED58B960 /* Pods_Trivia_App.framework in Frameworks */ = {isa = PBXBuildFile; fileRef = B25FE60CD70AD2D0DAFAB864 /* Pods_Trivia_App.framework */; };
/* End PBXBuildFile section */

/* Begin PBXFileReference section */
		0AEAFCC52503C7AD008EF261 /* Trivia App.app */ = {isa = PBXFileReference; explicitFileType = wrapper.application; includeInIndex = 0; path = "Trivia App.app"; sourceTree = BUILT_PRODUCTS_DIR; };
		0AEAFCC82503C7AD008EF261 /* AppDelegate.swift */ = {isa = PBXFileReference; lastKnownFileType = sourcecode.swift; path = AppDelegate.swift; sourceTree = "<group>"; };
		0AEAFCCC2503C7AD008EF261 /* ViewController1.swift */ = {isa = PBXFileReference; lastKnownFileType = sourcecode.swift; path = ViewController1.swift; sourceTree = "<group>"; };
		0AEAFCCF2503C7AD008EF261 /* Base */ = {isa = PBXFileReference; lastKnownFileType = file.storyboard; name = Base; path = Base.lproj/Main.storyboard; sourceTree = "<group>"; };
		0AEAFCD22503C7AD008EF261 /* Trivia_App.xcdatamodel */ = {isa = PBXFileReference; lastKnownFileType = wrapper.xcdatamodel; path = Trivia_App.xcdatamodel; sourceTree = "<group>"; };
		0AEAFCD42503C7AF008EF261 /* Assets.xcassets */ = {isa = PBXFileReference; lastKnownFileType = folder.assetcatalog; path = Assets.xcassets; sourceTree = "<group>"; };
		0AEAFCD72503C7AF008EF261 /* Base */ = {isa = PBXFileReference; lastKnownFileType = file.storyboard; name = Base; path = Base.lproj/LaunchScreen.storyboard; sourceTree = "<group>"; };
		0AEAFCD92503C7AF008EF261 /* Info.plist */ = {isa = PBXFileReference; lastKnownFileType = text.plist.xml; path = Info.plist; sourceTree = "<group>"; };
		0AEAFCE62503CFF4008EF261 /* CoreData.framework */ = {isa = PBXFileReference; lastKnownFileType = wrapper.framework; name = CoreData.framework; path = System/Library/Frameworks/CoreData.framework; sourceTree = SDKROOT; };
		0AEAFCE82503D837008EF261 /* CustomButton.swift */ = {isa = PBXFileReference; fileEncoding = 4; lastKnownFileType = sourcecode.swift; path = CustomButton.swift; sourceTree = "<group>"; };
		0AEAFCEA2503D878008EF261 /* CustomTextField.swift */ = {isa = PBXFileReference; lastKnownFileType = sourcecode.swift; path = CustomTextField.swift; sourceTree = "<group>"; };
		0AEAFCEC2503DC52008EF261 /* ViewController2.swift */ = {isa = PBXFileReference; lastKnownFileType = sourcecode.swift; path = ViewController2.swift; sourceTree = "<group>"; };
		0AEAFCEE2503E0E3008EF261 /* UIButton.swift */ = {isa = PBXFileReference; lastKnownFileType = sourcecode.swift; path = UIButton.swift; sourceTree = "<group>"; };
		0AEAFCF02503E288008EF261 /* ConstantString.swift */ = {isa = PBXFileReference; lastKnownFileType = sourcecode.swift; path = ConstantString.swift; sourceTree = "<group>"; };
		0AEAFCF42504016C008EF261 /* ViewController3.swift */ = {isa = PBXFileReference; lastKnownFileType = sourcecode.swift; path = ViewController3.swift; sourceTree = "<group>"; };
		0AEAFCF625040D46008EF261 /* ViewController4.swift */ = {isa = PBXFileReference; lastKnownFileType = sourcecode.swift; path = ViewController4.swift; sourceTree = "<group>"; };
		0AEAFCF825040E24008EF261 /* DatabaseHelper.swift */ = {isa = PBXFileReference; fileEncoding = 4; lastKnownFileType = sourcecode.swift; path = DatabaseHelper.swift; sourceTree = "<group>"; };
		0AEAFCFA25041117008EF261 /* UIViewController.swift */ = {isa = PBXFileReference; lastKnownFileType = sourcecode.swift; path = UIViewController.swift; sourceTree = "<group>"; };
		0AEAFD0025042691008EF261 /* HistoryVC.swift */ = {isa = PBXFileReference; lastKnownFileType = sourcecode.swift; path = HistoryVC.swift; sourceTree = "<group>"; };
		0AEAFD0225042790008EF261 /* TableViewCell.swift */ = {isa = PBXFileReference; lastKnownFileType = sourcecode.swift; path = TableViewCell.swift; sourceTree = "<group>"; };
		0AEAFD0325042790008EF261 /* TableViewCell.xib */ = {isa = PBXFileReference; lastKnownFileType = file.xib; path = TableViewCell.xib; sourceTree = "<group>"; };
		0AEAFD0625042A69008EF261 /* UITableView.swift */ = {isa = PBXFileReference; fileEncoding = 4; lastKnownFileType = sourcecode.swift; path = UITableView.swift; sourceTree = SOURCE_ROOT; };
		0AEAFD0825042AA1008EF261 /* ViewTypeModel.swift */ = {isa = PBXFileReference; fileEncoding = 4; lastKnownFileType = sourcecode.swift; path = ViewTypeModel.swift; sourceTree = "<group>"; };
		0AEAFD0A25042B54008EF261 /* String.swift */ = {isa = PBXFileReference; lastKnownFileType = sourcecode.swift; path = String.swift; sourceTree = "<group>"; };
		B25FE60CD70AD2D0DAFAB864 /* Pods_Trivia_App.framework */ = {isa = PBXFileReference; explicitFileType = wrapper.framework; includeInIndex = 0; path = Pods_Trivia_App.framework; sourceTree = BUILT_PRODUCTS_DIR; };
		B651794B2AE029AF134A715E /* Pods-Trivia App.release.xcconfig */ = {isa = PBXFileReference; includeInIndex = 1; lastKnownFileType = text.xcconfig; name = "Pods-Trivia App.release.xcconfig"; path = "Target Support Files/Pods-Trivia App/Pods-Trivia App.release.xcconfig"; sourceTree = "<group>"; };
		EDB16CE624A620A0DF128F86 /* Pods-Trivia App.debug.xcconfig */ = {isa = PBXFileReference; includeInIndex = 1; lastKnownFileType = text.xcconfig; name = "Pods-Trivia App.debug.xcconfig"; path = "Target Support Files/Pods-Trivia App/Pods-Trivia App.debug.xcconfig"; sourceTree = "<group>"; };
/* End PBXFileReference section */

/* Begin PBXFrameworksBuildPhase section */
		0AEAFCC22503C7AD008EF261 /* Frameworks */ = {
			isa = PBXFrameworksBuildPhase;
			buildActionMask = 2147483647;
			files = (
				0AEAFCE72503CFF4008EF261 /* CoreData.framework in Frameworks */,
				3DCB888E1DEF63E4ED58B960 /* Pods_Trivia_App.framework in Frameworks */,
			);
			runOnlyForDeploymentPostprocessing = 0;
		};
/* End PBXFrameworksBuildPhase section */

/* Begin PBXGroup section */
		0AEAFCBC2503C7AD008EF261 = {
			isa = PBXGroup;
			children = (
				0AEAFCC72503C7AD008EF261 /* Trivia App */,
				0AEAFCC62503C7AD008EF261 /* Products */,
				0AEAFCE52503CFF4008EF261 /* Frameworks */,
				CD930B3B0A24C85BEF0DE991 /* Pods */,
			);
			sourceTree = "<group>";
		};
		0AEAFCC62503C7AD008EF261 /* Products */ = {
			isa = PBXGroup;
			children = (
				0AEAFCC52503C7AD008EF261 /* Trivia App.app */,
			);
			name = Products;
			sourceTree = "<group>";
		};
		0AEAFCC72503C7AD008EF261 /* Trivia App */ = {
			isa = PBXGroup;
			children = (
				0AEAFD0825042AA1008EF261 /* ViewTypeModel.swift */,
				0AEAFD0625042A69008EF261 /* UITableView.swift */,
				0AEAFCF825040E24008EF261 /* DatabaseHelper.swift */,
				0AEAFCE82503D837008EF261 /* CustomButton.swift */,
				0AEAFCC82503C7AD008EF261 /* AppDelegate.swift */,
				0AEAFCCC2503C7AD008EF261 /* ViewController1.swift */,
				0AEAFCCE2503C7AD008EF261 /* Main.storyboard */,
				0AEAFCD42503C7AF008EF261 /* Assets.xcassets */,
				0AEAFCD62503C7AF008EF261 /* LaunchScreen.storyboard */,
				0AEAFCD92503C7AF008EF261 /* Info.plist */,
				0AEAFCD12503C7AD008EF261 /* Trivia_App.xcdatamodeld */,
				0AEAFCEA2503D878008EF261 /* CustomTextField.swift */,
				0AEAFCEC2503DC52008EF261 /* ViewController2.swift */,
				0AEAFCEE2503E0E3008EF261 /* UIButton.swift */,
				0AEAFCF02503E288008EF261 /* ConstantString.swift */,
				0AEAFCF42504016C008EF261 /* ViewController3.swift */,
				0AEAFCF625040D46008EF261 /* ViewController4.swift */,
				0AEAFCFA25041117008EF261 /* UIViewController.swift */,
				0AEAFD0025042691008EF261 /* HistoryVC.swift */,
				0AEAFD0225042790008EF261 /* TableViewCell.swift */,
				0AEAFD0325042790008EF261 /* TableViewCell.xib */,
				0AEAFD0A25042B54008EF261 /* String.swift */,
			);
			path = "Trivia App";
			sourceTree = "<group>";
		};
		0AEAFCE52503CFF4008EF261 /* Frameworks */ = {
			isa = PBXGroup;
			children = (
				0AEAFCE62503CFF4008EF261 /* CoreData.framework */,
				B25FE60CD70AD2D0DAFAB864 /* Pods_Trivia_App.framework */,
			);
			name = Frameworks;
			sourceTree = "<group>";
		};
		CD930B3B0A24C85BEF0DE991 /* Pods */ = {
			isa = PBXGroup;
			children = (
				EDB16CE624A620A0DF128F86 /* Pods-Trivia App.debug.xcconfig */,
				B651794B2AE029AF134A715E /* Pods-Trivia App.release.xcconfig */,
			);
			path = Pods;
			sourceTree = "<group>";
		};
/* End PBXGroup section */

/* Begin PBXNativeTarget section */
		0AEAFCC42503C7AD008EF261 /* Trivia App */ = {
			isa = PBXNativeTarget;
			buildConfigurationList = 0AEAFCDC2503C7AF008EF261 /* Build configuration list for PBXNativeTarget "Trivia App" */;
			buildPhases = (
				C3C2C095E0C0414C8AA41473 /* [CP] Check Pods Manifest.lock */,
				0AEAFCC12503C7AD008EF261 /* Sources */,
				0AEAFCC22503C7AD008EF261 /* Frameworks */,
				0AEAFCC32503C7AD008EF261 /* Resources */,
			);
			buildRules = (
			);
			dependencies = (
			);
			name = "Trivia App";
			productName = "Trivia App";
			productReference = 0AEAFCC52503C7AD008EF261 /* Trivia App.app */;
			productType = "com.apple.product-type.application";
		};
/* End PBXNativeTarget section */

/* Begin PBXProject section */
		0AEAFCBD2503C7AD008EF261 /* Project object */ = {
			isa = PBXProject;
			attributes = {
				LastSwiftUpdateCheck = 1160;
				LastUpgradeCheck = 1160;
				ORGANIZATIONNAME = Mujahid;
				TargetAttributes = {
					0AEAFCC42503C7AD008EF261 = {
						CreatedOnToolsVersion = 11.6;
					};
				};
			};
			buildConfigurationList = 0AEAFCC02503C7AD008EF261 /* Build configuration list for PBXProject "Trivia App" */;
			compatibilityVersion = "Xcode 9.3";
			developmentRegion = en;
			hasScannedForEncodings = 0;
			knownRegions = (
				en,
				Base,
			);
			mainGroup = 0AEAFCBC2503C7AD008EF261;
			productRefGroup = 0AEAFCC62503C7AD008EF261 /* Products */;
			projectDirPath = "";
			projectRoot = "";
			targets = (
				0AEAFCC42503C7AD008EF261 /* Trivia App */,
			);
		};
/* End PBXProject section */

/* Begin PBXResourcesBuildPhase section */
		0AEAFCC32503C7AD008EF261 /* Resources */ = {
			isa = PBXResourcesBuildPhase;
			buildActionMask = 2147483647;
			files = (
				0AEAFCD82503C7AF008EF261 /* LaunchScreen.storyboard in Resources */,
				0AEAFD0525042790008EF261 /* TableViewCell.xib in Resources */,
				0AEAFCD52503C7AF008EF261 /* Assets.xcassets in Resources */,
				0AEAFCD02503C7AD008EF261 /* Main.storyboard in Resources */,
			);
			runOnlyForDeploymentPostprocessing = 0;
		};
/* End PBXResourcesBuildPhase section */

/* Begin PBXShellScriptBuildPhase section */
		C3C2C095E0C0414C8AA41473 /* [CP] Check Pods Manifest.lock */ = {
			isa = PBXShellScriptBuildPhase;
			buildActionMask = 2147483647;
			files = (
			);
			inputFileListPaths = (
			);
			inputPaths = (
				"${PODS_PODFILE_DIR_PATH}/Podfile.lock",
				"${PODS_ROOT}/Manifest.lock",
			);
			name = "[CP] Check Pods Manifest.lock";
			outputFileListPaths = (
			);
			outputPaths = (
				"$(DERIVED_FILE_DIR)/Pods-Trivia App-checkManifestLockResult.txt",
			);
			runOnlyForDeploymentPostprocessing = 0;
			shellPath = /bin/sh;
			shellScript = "diff \"${PODS_PODFILE_DIR_PATH}/Podfile.lock\" \"${PODS_ROOT}/Manifest.lock\" > /dev/null\nif [ $? != 0 ] ; then\n    # print error to STDERR\n    echo \"error: The sandbox is not in sync with the Podfile.lock. Run 'pod install' or update your CocoaPods installation.\" >&2\n    exit 1\nfi\n# This output is used by Xcode 'outputs' to avoid re-running this script phase.\necho \"SUCCESS\" > \"${SCRIPT_OUTPUT_FILE_0}\"\n";
			showEnvVarsInLog = 0;
		};
/* End PBXShellScriptBuildPhase section */

/* Begin PBXSourcesBuildPhase section */
		0AEAFCC12503C7AD008EF261 /* Sources */ = {
			isa = PBXSourcesBuildPhase;
			buildActionMask = 2147483647;
			files = (
				0AEAFCFB25041117008EF261 /* UIViewController.swift in Sources */,
				0AEAFCF52504016C008EF261 /* ViewController3.swift in Sources */,
				0AEAFD0725042A69008EF261 /* UITableView.swift in Sources */,
				0AEAFCEB2503D878008EF261 /* CustomTextField.swift in Sources */,
				0AEAFCED2503DC52008EF261 /* ViewController2.swift in Sources */,
				0AEAFCE92503D837008EF261 /* CustomButton.swift in Sources */,
				0AEAFD0425042790008EF261 /* TableViewCell.swift in Sources */,
				0AEAFCCD2503C7AD008EF261 /* ViewController1.swift in Sources */,
				0AEAFCF725040D46008EF261 /* ViewController4.swift in Sources */,
				0AEAFCF12503E288008EF261 /* ConstantString.swift in Sources */,
				0AEAFCC92503C7AD008EF261 /* AppDelegate.swift in Sources */,
				0AEAFCD32503C7AD008EF261 /* Trivia_App.xcdatamodeld in Sources */,
				0AEAFD0925042AA1008EF261 /* ViewTypeModel.swift in Sources */,
				0AEAFCEF2503E0E3008EF261 /* UIButton.swift in Sources */,
				0AEAFD0B25042B54008EF261 /* String.swift in Sources */,
				0AEAFD0125042691008EF261 /* HistoryVC.swift in Sources */,
				0AEAFCF925040E24008EF261 /* DatabaseHelper.swift in Sources */,
			);
			runOnlyForDeploymentPostprocessing = 0;
		};
/* End PBXSourcesBuildPhase section */

/* Begin PBXVariantGroup section */
		0AEAFCCE2503C7AD008EF261 /* Main.storyboard */ = {
			isa = PBXVariantGroup;
			children = (
				0AEAFCCF2503C7AD008EF261 /* Base */,
			);
			name = Main.storyboard;
			sourceTree = "<group>";
		};
		0AEAFCD62503C7AF008EF261 /* LaunchScreen.storyboard */ = {
			isa = PBXVariantGroup;
			children = (
				0AEAFCD72503C7AF008EF261 /* Base */,
			);
			name = LaunchScreen.storyboard;
			sourceTree = "<group>";
		};
/* End PBXVariantGroup section */

/* Begin XCBuildConfiguration section */
		0AEAFCDA2503C7AF008EF261 /* Debug */ = {
			isa = XCBuildConfiguration;
			buildSettings = {
				ALWAYS_SEARCH_USER_PATHS = NO;
				CLANG_ANALYZER_NONNULL = YES;
				CLANG_ANALYZER_NUMBER_OBJECT_CONVERSION = YES_AGGRESSIVE;
				CLANG_CXX_LANGUAGE_STANDARD = "gnu++14";
				CLANG_CXX_LIBRARY = "libc++";
				CLANG_ENABLE_MODULES = YES;
				CLANG_ENABLE_OBJC_ARC = YES;
				CLANG_ENABLE_OBJC_WEAK = YES;
				CLANG_WARN_BLOCK_CAPTURE_AUTORELEASING = YES;
				CLANG_WARN_BOOL_CONVERSION = YES;
				CLANG_WARN_COMMA = YES;
				CLANG_WARN_CONSTANT_CONVERSION = YES;
				CLANG_WARN_DEPRECATED_OBJC_IMPLEMENTATIONS = YES;
				CLANG_WARN_DIRECT_OBJC_ISA_USAGE = YES_ERROR;
				CLANG_WARN_DOCUMENTATION_COMMENTS = YES;
				CLANG_WARN_EMPTY_BODY = YES;
				CLANG_WARN_ENUM_CONVERSION = YES;
				CLANG_WARN_INFINITE_RECURSION = YES;
				CLANG_WARN_INT_CONVERSION = YES;
				CLANG_WARN_NON_LITERAL_NULL_CONVERSION = YES;
				CLANG_WARN_OBJC_IMPLICIT_RETAIN_SELF = YES;
				CLANG_WARN_OBJC_LITERAL_CONVERSION = YES;
				CLANG_WARN_OBJC_ROOT_CLASS = YES_ERROR;
				CLANG_WARN_RANGE_LOOP_ANALYSIS = YES;
				CLANG_WARN_STRICT_PROTOTYPES = YES;
				CLANG_WARN_SUSPICIOUS_MOVE = YES;
				CLANG_WARN_UNGUARDED_AVAILABILITY = YES_AGGRESSIVE;
				CLANG_WARN_UNREACHABLE_CODE = YES;
				CLANG_WARN__DUPLICATE_METHOD_MATCH = YES;
				COPY_PHASE_STRIP = NO;
				DEBUG_INFORMATION_FORMAT = dwarf;
				ENABLE_STRICT_OBJC_MSGSEND = YES;
				ENABLE_TESTABILITY = YES;
				GCC_C_LANGUAGE_STANDARD = gnu11;
				GCC_DYNAMIC_NO_PIC = NO;
				GCC_NO_COMMON_BLOCKS = YES;
				GCC_OPTIMIZATION_LEVEL = 0;
				GCC_PREPROCESSOR_DEFINITIONS = (
					"DEBUG=1",
					"$(inherited)",
				);
				GCC_WARN_64_TO_32_BIT_CONVERSION = YES;
				GCC_WARN_ABOUT_RETURN_TYPE = YES_ERROR;
				GCC_WARN_UNDECLARED_SELECTOR = YES;
				GCC_WARN_UNINITIALIZED_AUTOS = YES_AGGRESSIVE;
				GCC_WARN_UNUSED_FUNCTION = YES;
				GCC_WARN_UNUSED_VARIABLE = YES;
				IPHONEOS_DEPLOYMENT_TARGET = 13.6;
				MTL_ENABLE_DEBUG_INFO = INCLUDE_SOURCE;
				MTL_FAST_MATH = YES;
				ONLY_ACTIVE_ARCH = YES;
				SDKROOT = iphoneos;
				SWIFT_ACTIVE_COMPILATION_CONDITIONS = DEBUG;
				SWIFT_OPTIMIZATION_LEVEL = "-Onone";
			};
			name = Debug;
		};
		0AEAFCDB2503C7AF008EF261 /* Release */ = {
			isa = XCBuildConfiguration;
			buildSettings = {
				ALWAYS_SEARCH_USER_PATHS = NO;
				CLANG_ANALYZER_NONNULL = YES;
				CLANG_ANALYZER_NUMBER_OBJECT_CONVERSION = YES_AGGRESSIVE;
				CLANG_CXX_LANGUAGE_STANDARD = "gnu++14";
				CLANG_CXX_LIBRARY = "libc++";
				CLANG_ENABLE_MODULES = YES;
				CLANG_ENABLE_OBJC_ARC = YES;
				CLANG_ENABLE_OBJC_WEAK = YES;
				CLANG_WARN_BLOCK_CAPTURE_AUTORELEASING = YES;
				CLANG_WARN_BOOL_CONVERSION = YES;
				CLANG_WARN_COMMA = YES;
				CLANG_WARN_CONSTANT_CONVERSION = YES;
				CLANG_WARN_DEPRECATED_OBJC_IMPLEMENTATIONS = YES;
				CLANG_WARN_DIRECT_OBJC_ISA_USAGE = YES_ERROR;
				CLANG_WARN_DOCUMENTATION_COMMENTS = YES;
				CLANG_WARN_EMPTY_BODY = YES;
				CLANG_WARN_ENUM_CONVERSION = YES;
				CLANG_WARN_INFINITE_RECURSION = YES;
				CLANG_WARN_INT_CONVERSION = YES;
				CLANG_WARN_NON_LITERAL_NULL_CONVERSION = YES;
				CLANG_WARN_OBJC_IMPLICIT_RETAIN_SELF = YES;
				CLANG_WARN_OBJC_LITERAL_CONVERSION = YES;
				CLANG_WARN_OBJC_ROOT_CLASS = YES_ERROR;
				CLANG_WARN_RANGE_LOOP_ANALYSIS = YES;
				CLANG_WARN_STRICT_PROTOTYPES = YES;
				CLANG_WARN_SUSPICIOUS_MOVE = YES;
				CLANG_WARN_UNGUARDED_AVAILABILITY = YES_AGGRESSIVE;
				CLANG_WARN_UNREACHABLE_CODE = YES;
				CLANG_WARN__DUPLICATE_METHOD_MATCH = YES;
				COPY_PHASE_STRIP = NO;
				DEBUG_INFORMATION_FORMAT = "dwarf-with-dsym";
				ENABLE_NS_ASSERTIONS = NO;
				ENABLE_STRICT_OBJC_MSGSEND = YES;
				GCC_C_LANGUAGE_STANDARD = gnu11;
				GCC_NO_COMMON_BLOCKS = YES;
				GCC_WARN_64_TO_32_BIT_CONVERSION = YES;
				GCC_WARN_ABOUT_RETURN_TYPE = YES_ERROR;
				GCC_WARN_UNDECLARED_SELECTOR = YES;
				GCC_WARN_UNINITIALIZED_AUTOS = YES_AGGRESSIVE;
				GCC_WARN_UNUSED_FUNCTION = YES;
				GCC_WARN_UNUSED_VARIABLE = YES;
				IPHONEOS_DEPLOYMENT_TARGET = 13.6;
				MTL_ENABLE_DEBUG_INFO = NO;
				MTL_FAST_MATH = YES;
				SDKROOT = iphoneos;
				SWIFT_COMPILATION_MODE = wholemodule;
				SWIFT_OPTIMIZATION_LEVEL = "-O";
				VALIDATE_PRODUCT = YES;
			};
			name = Release;
		};
		0AEAFCDD2503C7AF008EF261 /* Debug */ = {
			isa = XCBuildConfiguration;
			baseConfigurationReference = EDB16CE624A620A0DF128F86 /* Pods-Trivia App.debug.xcconfig */;
			buildSettings = {
				ASSETCATALOG_COMPILER_APPICON_NAME = AppIcon;
				CODE_SIGN_STYLE = Automatic;
				DEVELOPMENT_TEAM = A3JY8PK77Z;
				INFOPLIST_FILE = "Trivia App/Info.plist";
				IPHONEOS_DEPLOYMENT_TARGET = 11.0;
				LD_RUNPATH_SEARCH_PATHS = (
					"$(inherited)",
					"@executable_path/Frameworks",
				);
				PRODUCT_BUNDLE_IDENTIFIER = "com.mujahid..Trivia-App";
				PRODUCT_NAME = "$(TARGET_NAME)";
				SWIFT_VERSION = 5.0;
				TARGETED_DEVICE_FAMILY = 1;
			};
			name = Debug;
		};
		0AEAFCDE2503C7AF008EF261 /* Release */ = {
			isa = XCBuildConfiguration;
			baseConfigurationReference = B651794B2AE029AF134A715E /* Pods-Trivia App.release.xcconfig */;
			buildSettings = {
				ASSETCATALOG_COMPILER_APPICON_NAME = AppIcon;
				CODE_SIGN_STYLE = Automatic;
				DEVELOPMENT_TEAM = A3JY8PK77Z;
				INFOPLIST_FILE = "Trivia App/Info.plist";
				IPHONEOS_DEPLOYMENT_TARGET = 11.0;
				LD_RUNPATH_SEARCH_PATHS = (
					"$(inherited)",
					"@executable_path/Frameworks",
				);
				PRODUCT_BUNDLE_IDENTIFIER = "com.mujahid..Trivia-App";
				PRODUCT_NAME = "$(TARGET_NAME)";
				SWIFT_VERSION = 5.0;
				TARGETED_DEVICE_FAMILY = 1;
			};
			name = Release;
		};
/* End XCBuildConfiguration section */

/* Begin XCConfigurationList section */
		0AEAFCC02503C7AD008EF261 /* Build configuration list for PBXProject "Trivia App" */ = {
			isa = XCConfigurationList;
			buildConfigurations = (
				0AEAFCDA2503C7AF008EF261 /* Debug */,
				0AEAFCDB2503C7AF008EF261 /* Release */,
			);
			defaultConfigurationIsVisible = 0;
			defaultConfigurationName = Release;
		};
		0AEAFCDC2503C7AF008EF261 /* Build configuration list for PBXNativeTarget "Trivia App" */ = {
			isa = XCConfigurationList;
			buildConfigurations = (
				0AEAFCDD2503C7AF008EF261 /* Debug */,
				0AEAFCDE2503C7AF008EF261 /* Release */,
			);
			defaultConfigurationIsVisible = 0;
			defaultConfigurationName = Release;
		};
/* End XCConfigurationList section */

/* Begin XCVersionGroup section */
		0AEAFCD12503C7AD008EF261 /* Trivia_App.xcdatamodeld */ = {
			isa = XCVersionGroup;
			children = (
				0AEAFCD22503C7AD008EF261 /* Trivia_App.xcdatamodel */,
			);
			currentVersion = 0AEAFCD22503C7AD008EF261 /* Trivia_App.xcdatamodel */;
			path = Trivia_App.xcdatamodeld;
			sourceTree = "<group>";
			versionGroupType = wrapper.xcdatamodel;
		};
/* End XCVersionGroup section */
	};
	rootObject = 0AEAFCBD2503C7AD008EF261 /* Project object */;
}
